
Microsoft Visual Studio Solution File, Format Version 12.00
# Visual Studio Version 17
VisualStudioVersion = 17.3.32519.111
MinimumVisualStudioVersion = 10.0.40219.1
Project("{FAE04EC0-301F-11D3-BF4B-00C04F79EFBC}") = "WebApplication1", "WebApplication1\WebApplication1.csproj", "{1A7725A3-7CD5-49D5-A5B2-2D708B931D5D}"
EndProject
Global
	GlobalSection(SolutionConfigurationPlatforms) = preSolution
		Debug|Any CPU = Debug|Any CPU
		Release|Any CPU = Release|Any CPU
	EndGlobalSection
	GlobalSection(ProjectConfigurationPlatforms) = postSolution
		{1A7725A3-7CD5-49D5-A5B2-2D708B931D5D}.Debug|Any CPU.ActiveCfg = Debug|Any CPU
		{1A7725A3-7CD5-49D5-A5B2-2D708B931D5D}.Debug|Any CPU.Build.0 = Debug|Any CPU
		{1A7725A3-7CD5-49D5-A5B2-2D708B931D5D}.Release|Any CPU.ActiveCfg = Release|Any CPU
		{1A7725A3-7CD5-49D5-A5B2-2D708B931D5D}.Release|Any CPU.Build.0 = Release|Any CPU
	EndGlobalSection
	GlobalSection(SolutionProperties) = preSolution
		HideSolutionNode = FALSE
	EndGlobalSection
	GlobalSection(ExtensibilityGlobals) = postSolution
		SolutionGuid = {99C8F5F8-CC47-40A8-8B05-99D8C70A21BC}
	EndGlobalSection
EndGlobal
